
Microsoft Visual Studio Solution File, Format Version 12.00
# Visual Studio Version 17
VisualStudioVersion = 17.0.31912.275
MinimumVisualStudioVersion = 10.0.40219.1
Project("{9A19103F-16F7-4668-BE54-9A1E7A4F7556}") = "CoreX.Base", "corex-base\CoreX.Base.csproj", "{D5666C71-25C4-46F9-8778-083C350A8E3C}"
EndProject
Project("{9A19103F-16F7-4668-BE54-9A1E7A4F7556}") = "CoreX.Domain", "corex-domain\CoreX.Domain.csproj", "{DDA22C39-ECBD-468E-876E-C40A346B9EC8}"
EndProject
Project("{9A19103F-16F7-4668-BE54-9A1E7A4F7556}") = "Corex", "corex\Corex.csproj", "{881F8FB7-DAF3-4D55-B6A8-7C122981FCC5}"
EndProject
Project("{9A19103F-16F7-4668-BE54-9A1E7A4F7556}") = "MongoDB.CoreX", "mongodb-corex\MongoDB.CoreX.csproj", "{514E769E-A209-438C-977B-BD39E24E9D5D}"
EndProject
Project("{9A19103F-16F7-4668-BE54-9A1E7A4F7556}") = "MassTransit.Corex", "masstransit-corex\MassTransit.Corex.csproj", "{AC3FFDA7-5661-4FB2-AA78-90D39F5EE11A}"
EndProject
Project("{9A19103F-16F7-4668-BE54-9A1E7A4F7556}") = "EntityFrameworkCore.CoreX", "entityframeworkcore-corex\EntityFrameworkCore.CoreX.csproj", "{B923BBF6-EBB8-4976-8205-5DB7E732F223}"
EndProject
Global
	GlobalSection(SolutionConfigurationPlatforms) = preSolution
		Debug|Any CPU = Debug|Any CPU
		Release|Any CPU = Release|Any CPU
	EndGlobalSection
	GlobalSection(ProjectConfigurationPlatforms) = postSolution
		{D5666C71-25C4-46F9-8778-083C350A8E3C}.Debug|Any CPU.ActiveCfg = Debug|Any CPU
		{D5666C71-25C4-46F9-8778-083C350A8E3C}.Debug|Any CPU.Build.0 = Debug|Any CPU
		{D5666C71-25C4-46F9-8778-083C350A8E3C}.Release|Any CPU.ActiveCfg = Release|Any CPU
		{D5666C71-25C4-46F9-8778-083C350A8E3C}.Release|Any CPU.Build.0 = Release|Any CPU
		{DDA22C39-ECBD-468E-876E-C40A346B9EC8}.Debug|Any CPU.ActiveCfg = Debug|Any CPU
		{DDA22C39-ECBD-468E-876E-C40A346B9EC8}.Debug|Any CPU.Build.0 = Debug|Any CPU
		{DDA22C39-ECBD-468E-876E-C40A346B9EC8}.Release|Any CPU.ActiveCfg = Release|Any CPU
		{DDA22C39-ECBD-468E-876E-C40A346B9EC8}.Release|Any CPU.Build.0 = Release|Any CPU
		{881F8FB7-DAF3-4D55-B6A8-7C122981FCC5}.Debug|Any CPU.ActiveCfg = Debug|Any CPU
		{881F8FB7-DAF3-4D55-B6A8-7C122981FCC5}.Debug|Any CPU.Build.0 = Debug|Any CPU
		{881F8FB7-DAF3-4D55-B6A8-7C122981FCC5}.Release|Any CPU.ActiveCfg = Release|Any CPU
		{881F8FB7-DAF3-4D55-B6A8-7C122981FCC5}.Release|Any CPU.Build.0 = Release|Any CPU
		{514E769E-A209-438C-977B-BD39E24E9D5D}.Debug|Any CPU.ActiveCfg = Debug|Any CPU
		{514E769E-A209-438C-977B-BD39E24E9D5D}.Debug|Any CPU.Build.0 = Debug|Any CPU
		{514E769E-A209-438C-977B-BD39E24E9D5D}.Release|Any CPU.ActiveCfg = Release|Any CPU
		{514E769E-A209-438C-977B-BD39E24E9D5D}.Release|Any CPU.Build.0 = Release|Any CPU
		{AC3FFDA7-5661-4FB2-AA78-90D39F5EE11A}.Debug|Any CPU.ActiveCfg = Debug|Any CPU
		{AC3FFDA7-5661-4FB2-AA78-90D39F5EE11A}.Debug|Any CPU.Build.0 = Debug|Any CPU
		{AC3FFDA7-5661-4FB2-AA78-90D39F5EE11A}.Release|Any CPU.ActiveCfg = Release|Any CPU
		{AC3FFDA7-5661-4FB2-AA78-90D39F5EE11A}.Release|Any CPU.Build.0 = Release|Any CPU
		{B923BBF6-EBB8-4976-8205-5DB7E732F223}.Debug|Any CPU.ActiveCfg = Debug|Any CPU
		{B923BBF6-EBB8-4976-8205-5DB7E732F223}.Debug|Any CPU.Build.0 = Debug|Any CPU
		{B923BBF6-EBB8-4976-8205-5DB7E732F223}.Release|Any CPU.ActiveCfg = Release|Any CPU
		{B923BBF6-EBB8-4976-8205-5DB7E732F223}.Release|Any CPU.Build.0 = Release|Any CPU
	EndGlobalSection
	GlobalSection(SolutionProperties) = preSolution
		HideSolutionNode = FALSE
	EndGlobalSection
	GlobalSection(ExtensibilityGlobals) = postSolution
		SolutionGuid = {17274BF8-2414-432B-8CB2-641D15C801CA}
	EndGlobalSection
EndGlobal
