
Microsoft Visual Studio Solution File, Format Version 12.00
# Visual Studio Version 17
VisualStudioVersion = 17.0.31912.275
MinimumVisualStudioVersion = 10.0.40219.1
Project("{9A19103F-16F7-4668-BE54-9A1E7A4F7556}") = "XSwift", "src\XSwift.csproj", "{084BA496-D019-4C03-9FAB-A792E1BA5AF3}"
EndProject
Project("{9A19103F-16F7-4668-BE54-9A1E7A4F7556}") = "XSwift.Test", "test\XSwift.Test.csproj", "{853F58E9-DB20-4FA0-8EAD-97C30C84B774}"
EndProject
Global
	GlobalSection(SolutionConfigurationPlatforms) = preSolution
		Debug|Any CPU = Debug|Any CPU
		Release|Any CPU = Release|Any CPU
	EndGlobalSection
	GlobalSection(ProjectConfigurationPlatforms) = postSolution
		{084BA496-D019-4C03-9FAB-A792E1BA5AF3}.Debug|Any CPU.ActiveCfg = Debug|Any CPU
		{084BA496-D019-4C03-9FAB-A792E1BA5AF3}.Debug|Any CPU.Build.0 = Debug|Any CPU
		{084BA496-D019-4C03-9FAB-A792E1BA5AF3}.Release|Any CPU.ActiveCfg = Release|Any CPU
		{084BA496-D019-4C03-9FAB-A792E1BA5AF3}.Release|Any CPU.Build.0 = Release|Any CPU
		{853F58E9-DB20-4FA0-8EAD-97C30C84B774}.Debug|Any CPU.ActiveCfg = Debug|Any CPU
		{853F58E9-DB20-4FA0-8EAD-97C30C84B774}.Debug|Any CPU.Build.0 = Debug|Any CPU
		{853F58E9-DB20-4FA0-8EAD-97C30C84B774}.Release|Any CPU.ActiveCfg = Release|Any CPU
		{853F58E9-DB20-4FA0-8EAD-97C30C84B774}.Release|Any CPU.Build.0 = Release|Any CPU
	EndGlobalSection
	GlobalSection(SolutionProperties) = preSolution
		HideSolutionNode = FALSE
	EndGlobalSection
	GlobalSection(ExtensibilityGlobals) = postSolution
		SolutionGuid = {17274BF8-2414-432B-8CB2-641D15C801CA}
	EndGlobalSection
EndGlobal
